
Microsoft Visual Studio Solution File, Format Version 12.00
# Visual Studio Version 16
VisualStudioVersion = 16.0.31129.286
MinimumVisualStudioVersion = 10.0.40219.1
Project("{FAE04EC0-301F-11D3-BF4B-00C04F79EFBC}") = "EvolentHealth", "EvolentHealth\EvolentHealth.csproj", "{2B2655B1-209D-42E7-A95B-05AF46F3751C}"
EndProject
Global
	GlobalSection(SolutionConfigurationPlatforms) = preSolution
		Debug|Any CPU = Debug|Any CPU
		Release|Any CPU = Release|Any CPU
	EndGlobalSection
	GlobalSection(ProjectConfigurationPlatforms) = postSolution
		{2B2655B1-209D-42E7-A95B-05AF46F3751C}.Debug|Any CPU.ActiveCfg = Debug|Any CPU
		{2B2655B1-209D-42E7-A95B-05AF46F3751C}.Debug|Any CPU.Build.0 = Debug|Any CPU
		{2B2655B1-209D-42E7-A95B-05AF46F3751C}.Release|Any CPU.ActiveCfg = Release|Any CPU
		{2B2655B1-209D-42E7-A95B-05AF46F3751C}.Release|Any CPU.Build.0 = Release|Any CPU
	EndGlobalSection
	GlobalSection(SolutionProperties) = preSolution
		HideSolutionNode = FALSE
	EndGlobalSection
	GlobalSection(ExtensibilityGlobals) = postSolution
		SolutionGuid = {0E6145F8-2B56-434E-B478-4366DB35D71A}
	EndGlobalSection
EndGlobal
